
Microsoft Visual Studio Solution File, Format Version 12.00
# Visual Studio Version 17
VisualStudioVersion = 17.11.35312.102
MinimumVisualStudioVersion = 10.0.40219.1
Project("{9A19103F-16F7-4668-BE54-9A1E7A4F7556}") = "wsl-usb-manager", "wsl-usb-manager\wsl-usb-manager.csproj", "{B4AFF067-F61C-4FDD-9BFD-AA85FCF2BEC8}"
EndProject
Project("{54435603-DBB4-11D2-8724-00A0C9A8B90C}") = "Installer", "Installer\Installer.vdproj", "{8660B078-79B3-4249-8785-E264EB1B14A0}"
EndProject
Project("{2150E333-8FDC-42A3-9474-1A3956D46DE8}") = "Solution Files", "Solution Files", "{CD5B5253-494A-4FF4-B5D3-5E5F96FD8768}"
	ProjectSection(SolutionItems) = preProject
		buid_installer.ps1 = buid_installer.ps1
		GitVersion.yml = GitVersion.yml
		LICENSE = LICENSE
		README.en.md = README.en.md
		README.md = README.md
	EndProjectSection
EndProject
Project("{2150E333-8FDC-42A3-9474-1A3956D46DE8}") = "Solution Items", "Solution Items", "{75989FD5-3FBD-44BB-A822-FE7066A141C9}"
	ProjectSection(SolutionItems) = preProject
		.editorconfig = .editorconfig
	EndProjectSection
EndProject
Global
	GlobalSection(SolutionConfigurationPlatforms) = preSolution
		Debug|Any CPU = Debug|Any CPU
		Debug|ARM64 = Debug|ARM64
		Debug|x64 = Debug|x64
		Debug|x86 = Debug|x86
		Release|Any CPU = Release|Any CPU
		Release|ARM64 = Release|ARM64
		Release|x64 = Release|x64
		Release|x86 = Release|x86
	EndGlobalSection
	GlobalSection(ProjectConfigurationPlatforms) = postSolution
		{B4AFF067-F61C-4FDD-9BFD-AA85FCF2BEC8}.Debug|Any CPU.ActiveCfg = Debug|Any CPU
		{B4AFF067-F61C-4FDD-9BFD-AA85FCF2BEC8}.Debug|Any CPU.Build.0 = Debug|Any CPU
		{B4AFF067-F61C-4FDD-9BFD-AA85FCF2BEC8}.Debug|ARM64.ActiveCfg = Debug|Any CPU
		{B4AFF067-F61C-4FDD-9BFD-AA85FCF2BEC8}.Debug|ARM64.Build.0 = Debug|Any CPU
		{B4AFF067-F61C-4FDD-9BFD-AA85FCF2BEC8}.Debug|x64.ActiveCfg = Debug|Any CPU
		{B4AFF067-F61C-4FDD-9BFD-AA85FCF2BEC8}.Debug|x64.Build.0 = Debug|Any CPU
		{B4AFF067-F61C-4FDD-9BFD-AA85FCF2BEC8}.Debug|x86.ActiveCfg = Debug|Any CPU
		{B4AFF067-F61C-4FDD-9BFD-AA85FCF2BEC8}.Debug|x86.Build.0 = Debug|Any CPU
		{B4AFF067-F61C-4FDD-9BFD-AA85FCF2BEC8}.Release|Any CPU.ActiveCfg = Release|Any CPU
		{B4AFF067-F61C-4FDD-9BFD-AA85FCF2BEC8}.Release|Any CPU.Build.0 = Release|Any CPU
		{B4AFF067-F61C-4FDD-9BFD-AA85FCF2BEC8}.Release|ARM64.ActiveCfg = Release|Any CPU
		{B4AFF067-F61C-4FDD-9BFD-AA85FCF2BEC8}.Release|ARM64.Build.0 = Release|Any CPU
		{B4AFF067-F61C-4FDD-9BFD-AA85FCF2BEC8}.Release|x64.ActiveCfg = Release|x64
		{B4AFF067-F61C-4FDD-9BFD-AA85FCF2BEC8}.Release|x64.Build.0 = Release|x64
		{B4AFF067-F61C-4FDD-9BFD-AA85FCF2BEC8}.Release|x86.ActiveCfg = Release|Any CPU
		{B4AFF067-F61C-4FDD-9BFD-AA85FCF2BEC8}.Release|x86.Build.0 = Release|Any CPU
		{8660B078-79B3-4249-8785-E264EB1B14A0}.Debug|Any CPU.ActiveCfg = Debug
		{8660B078-79B3-4249-8785-E264EB1B14A0}.Debug|ARM64.ActiveCfg = Debug
		{8660B078-79B3-4249-8785-E264EB1B14A0}.Debug|x64.ActiveCfg = Debug
		{8660B078-79B3-4249-8785-E264EB1B14A0}.Debug|x86.ActiveCfg = Debug
		{8660B078-79B3-4249-8785-E264EB1B14A0}.Release|Any CPU.ActiveCfg = Release
		{8660B078-79B3-4249-8785-E264EB1B14A0}.Release|ARM64.ActiveCfg = Release
		{8660B078-79B3-4249-8785-E264EB1B14A0}.Release|x64.ActiveCfg = Release
		{8660B078-79B3-4249-8785-E264EB1B14A0}.Release|x64.Build.0 = Release
		{8660B078-79B3-4249-8785-E264EB1B14A0}.Release|x86.ActiveCfg = Release
	EndGlobalSection
	GlobalSection(SolutionProperties) = preSolution
		HideSolutionNode = FALSE
	EndGlobalSection
	GlobalSection(ExtensibilityGlobals) = postSolution
		SolutionGuid = {C9A35EA3-02B8-4E96-A5F2-969EAB0A4687}
	EndGlobalSection
EndGlobal
